
Microsoft Visual Studio Solution File, Format Version 12.00
# Visual Studio Version 17
VisualStudioVersion = 17.5.002.0
MinimumVisualStudioVersion = 10.0.40219.1
Project("{9A19103F-16F7-4668-BE54-9A1E7A4F7556}") = "project", "project.csproj", "{9F7D4120-4830-4DF2-9AEB-79D96E3252DD}"
EndProject
Global
	GlobalSection(SolutionConfigurationPlatforms) = preSolution
		Debug|Any CPU = Debug|Any CPU
		Release|Any CPU = Release|Any CPU
	EndGlobalSection
	GlobalSection(ProjectConfigurationPlatforms) = postSolution
		{9F7D4120-4830-4DF2-9AEB-79D96E3252DD}.Debug|Any CPU.ActiveCfg = Debug|Any CPU
		{9F7D4120-4830-4DF2-9AEB-79D96E3252DD}.Debug|Any CPU.Build.0 = Debug|Any CPU
		{9F7D4120-4830-4DF2-9AEB-79D96E3252DD}.Release|Any CPU.ActiveCfg = Release|Any CPU
		{9F7D4120-4830-4DF2-9AEB-79D96E3252DD}.Release|Any CPU.Build.0 = Release|Any CPU
	EndGlobalSection
	GlobalSection(SolutionProperties) = preSolution
		HideSolutionNode = FALSE
	EndGlobalSection
	GlobalSection(ExtensibilityGlobals) = postSolution
		SolutionGuid = {B84EEFA5-FDAB-4CE4-8E16-897211E2DCAA}
	EndGlobalSection
EndGlobal
